
Microsoft Visual Studio Solution File, Format Version 12.00
# Visual Studio Version 17
VisualStudioVersion = 17.3.32922.545
MinimumVisualStudioVersion = 10.0.40219.1
Project("{FAE04EC0-301F-11D3-BF4B-00C04F79EFBC}") = "SecondYearPaper", "SecondYearPaper.csproj", "{68B87716-8615-492F-B8AA-24DA6F4FBE38}"
EndProject
Global
	GlobalSection(SolutionConfigurationPlatforms) = preSolution
		Debug|Any CPU = Debug|Any CPU
		Release|Any CPU = Release|Any CPU
	EndGlobalSection
	GlobalSection(ProjectConfigurationPlatforms) = postSolution
		{68B87716-8615-492F-B8AA-24DA6F4FBE38}.Debug|Any CPU.ActiveCfg = Debug|Any CPU
		{68B87716-8615-492F-B8AA-24DA6F4FBE38}.Debug|Any CPU.Build.0 = Debug|Any CPU
		{68B87716-8615-492F-B8AA-24DA6F4FBE38}.Release|Any CPU.ActiveCfg = Release|Any CPU
		{68B87716-8615-492F-B8AA-24DA6F4FBE38}.Release|Any CPU.Build.0 = Release|Any CPU
	EndGlobalSection
	GlobalSection(SolutionProperties) = preSolution
		HideSolutionNode = FALSE
	EndGlobalSection
	GlobalSection(ExtensibilityGlobals) = postSolution
		SolutionGuid = {86699479-76FF-4E39-A000-EAB939B46842}
	EndGlobalSection
EndGlobal
